
Microsoft Visual Studio Solution File, Format Version 12.00
# Visual Studio Version 16
VisualStudioVersion = 16.0.31005.135
MinimumVisualStudioVersion = 10.0.40219.1
Project("{2150E333-8FDC-42A3-9474-1A3956D46DE8}") = "src", "src", "{16B9B6F3-A4D4-4E5B-8E25-69D6AD5CFBD5}"
EndProject
Project("{2150E333-8FDC-42A3-9474-1A3956D46DE8}") = "Example", "Example", "{E3B3B533-A78F-4641-9692-C85A89D21068}"
EndProject
Project("{FAE04EC0-301F-11D3-BF4B-00C04F79EFBC}") = "WpfFramework", "Example\WpfFramework\WpfFramework.csproj", "{5E7C7FD9-96BD-4835-9E94-6DCC2BD701B3}"
EndProject
Project("{9A19103F-16F7-4668-BE54-9A1E7A4F7556}") = "SmartNavigation", "src\SmartNavigation\SmartNavigation.csproj", "{29CEF1F9-A5DB-43FA-8503-BDD6185B2985}"
EndProject
Project("{9A19103F-16F7-4668-BE54-9A1E7A4F7556}") = "WpfNetCore", "Example\WpfNetCore\WpfNetCore.csproj", "{5F7C1E0D-660B-404A-98EB-C9653552299F}"
EndProject
Global
	GlobalSection(SolutionConfigurationPlatforms) = preSolution
		Debug|Any CPU = Debug|Any CPU
		Release|Any CPU = Release|Any CPU
	EndGlobalSection
	GlobalSection(ProjectConfigurationPlatforms) = postSolution
		{5E7C7FD9-96BD-4835-9E94-6DCC2BD701B3}.Debug|Any CPU.ActiveCfg = Debug|Any CPU
		{5E7C7FD9-96BD-4835-9E94-6DCC2BD701B3}.Debug|Any CPU.Build.0 = Debug|Any CPU
		{5E7C7FD9-96BD-4835-9E94-6DCC2BD701B3}.Release|Any CPU.ActiveCfg = Release|Any CPU
		{5E7C7FD9-96BD-4835-9E94-6DCC2BD701B3}.Release|Any CPU.Build.0 = Release|Any CPU
		{29CEF1F9-A5DB-43FA-8503-BDD6185B2985}.Debug|Any CPU.ActiveCfg = Debug|Any CPU
		{29CEF1F9-A5DB-43FA-8503-BDD6185B2985}.Debug|Any CPU.Build.0 = Debug|Any CPU
		{29CEF1F9-A5DB-43FA-8503-BDD6185B2985}.Release|Any CPU.ActiveCfg = Release|Any CPU
		{29CEF1F9-A5DB-43FA-8503-BDD6185B2985}.Release|Any CPU.Build.0 = Release|Any CPU
		{5F7C1E0D-660B-404A-98EB-C9653552299F}.Debug|Any CPU.ActiveCfg = Debug|Any CPU
		{5F7C1E0D-660B-404A-98EB-C9653552299F}.Debug|Any CPU.Build.0 = Debug|Any CPU
		{5F7C1E0D-660B-404A-98EB-C9653552299F}.Release|Any CPU.ActiveCfg = Release|Any CPU
		{5F7C1E0D-660B-404A-98EB-C9653552299F}.Release|Any CPU.Build.0 = Release|Any CPU
	EndGlobalSection
	GlobalSection(SolutionProperties) = preSolution
		HideSolutionNode = FALSE
	EndGlobalSection
	GlobalSection(NestedProjects) = preSolution
		{5E7C7FD9-96BD-4835-9E94-6DCC2BD701B3} = {E3B3B533-A78F-4641-9692-C85A89D21068}
		{29CEF1F9-A5DB-43FA-8503-BDD6185B2985} = {16B9B6F3-A4D4-4E5B-8E25-69D6AD5CFBD5}
		{5F7C1E0D-660B-404A-98EB-C9653552299F} = {E3B3B533-A78F-4641-9692-C85A89D21068}
	EndGlobalSection
	GlobalSection(ExtensibilityGlobals) = postSolution
		SolutionGuid = {073683C5-25AC-4CDE-A07A-814B749793B3}
	EndGlobalSection
EndGlobal
